
Microsoft Visual Studio Solution File, Format Version 12.00
# Visual Studio Version 17
VisualStudioVersion = 17.8.34316.72
MinimumVisualStudioVersion = 10.0.40219.1
Project("{FAE04EC0-301F-11D3-BF4B-00C04F79EFBC}") = "MyntraBacked", "MyntraBacked\MyntraBacked.csproj", "{289F631A-161A-48A7-973A-BF244ABEFB41}"
EndProject
Global
	GlobalSection(SolutionConfigurationPlatforms) = preSolution
		Debug|Any CPU = Debug|Any CPU
		Release|Any CPU = Release|Any CPU
	EndGlobalSection
	GlobalSection(ProjectConfigurationPlatforms) = postSolution
		{289F631A-161A-48A7-973A-BF244ABEFB41}.Debug|Any CPU.ActiveCfg = Debug|Any CPU
		{289F631A-161A-48A7-973A-BF244ABEFB41}.Debug|Any CPU.Build.0 = Debug|Any CPU
		{289F631A-161A-48A7-973A-BF244ABEFB41}.Release|Any CPU.ActiveCfg = Release|Any CPU
		{289F631A-161A-48A7-973A-BF244ABEFB41}.Release|Any CPU.Build.0 = Release|Any CPU
	EndGlobalSection
	GlobalSection(SolutionProperties) = preSolution
		HideSolutionNode = FALSE
	EndGlobalSection
	GlobalSection(ExtensibilityGlobals) = postSolution
		SolutionGuid = {57C5ACA8-382D-4C9C-8D19-A8FA2F9A0779}
	EndGlobalSection
EndGlobal
