
Microsoft Visual Studio Solution File, Format Version 12.00
# Visual Studio Version 17
VisualStudioVersion = 17.8.34316.72
MinimumVisualStudioVersion = 10.0.40219.1
Project("{9A19103F-16F7-4668-BE54-9A1E7A4F7556}") = "MyntraBacked", "MyntraBacked.csproj", "{66F48242-EC1B-4BEA-BFEC-01623E947E24}"
EndProject
Project("{9A19103F-16F7-4668-BE54-9A1E7A4F7556}") = "OtpVerification", "..\OtpVerification\OtpVerification.csproj", "{4C7EC7E9-DEDB-4CB1-8691-0E7CB9A7B0C0}"
EndProject
Global
	GlobalSection(SolutionConfigurationPlatforms) = preSolution
		Debug|Any CPU = Debug|Any CPU
		Release|Any CPU = Release|Any CPU
	EndGlobalSection
	GlobalSection(ProjectConfigurationPlatforms) = postSolution
		{66F48242-EC1B-4BEA-BFEC-01623E947E24}.Debug|Any CPU.ActiveCfg = Debug|Any CPU
		{66F48242-EC1B-4BEA-BFEC-01623E947E24}.Debug|Any CPU.Build.0 = Debug|Any CPU
		{66F48242-EC1B-4BEA-BFEC-01623E947E24}.Release|Any CPU.ActiveCfg = Release|Any CPU
		{66F48242-EC1B-4BEA-BFEC-01623E947E24}.Release|Any CPU.Build.0 = Release|Any CPU
		{4C7EC7E9-DEDB-4CB1-8691-0E7CB9A7B0C0}.Debug|Any CPU.ActiveCfg = Debug|Any CPU
		{4C7EC7E9-DEDB-4CB1-8691-0E7CB9A7B0C0}.Debug|Any CPU.Build.0 = Debug|Any CPU
		{4C7EC7E9-DEDB-4CB1-8691-0E7CB9A7B0C0}.Release|Any CPU.ActiveCfg = Release|Any CPU
		{4C7EC7E9-DEDB-4CB1-8691-0E7CB9A7B0C0}.Release|Any CPU.Build.0 = Release|Any CPU
	EndGlobalSection
	GlobalSection(SolutionProperties) = preSolution
		HideSolutionNode = FALSE
	EndGlobalSection
	GlobalSection(ExtensibilityGlobals) = postSolution
		SolutionGuid = {A4BAEA79-76D3-4B7D-9544-6B7A58ED4D53}
	EndGlobalSection
EndGlobal
